// !$*UTF8*$!
{
	archiveVersion = 1;
	classes = {
	};
	objectVersion = 48;
	objects = {

/* Begin PBXBuildFile section */
		FA34698E20A772D7000CCCB0 /* Extensions.swift in Sources */ = {isa = PBXBuildFile; fileRef = FA34698D20A772D7000CCCB0 /* Extensions.swift */; };
		FA407B3B2054CE4100E8D730 /* AppDelegate.swift in Sources */ = {isa = PBXBuildFile; fileRef = FA407B3A2054CE4100E8D730 /* AppDelegate.swift */; };
		FA407B3D2054CE4100E8D730 /* ViewController.swift in Sources */ = {isa = PBXBuildFile; fileRef = FA407B3C2054CE4100E8D730 /* ViewController.swift */; };
		FA407B402054CE4100E8D730 /* Main.storyboard in Resources */ = {isa = PBXBuildFile; fileRef = FA407B3E2054CE4100E8D730 /* Main.storyboard */; };
		FA407B422054CE4100E8D730 /* Assets.xcassets in Resources */ = {isa = PBXBuildFile; fileRef = FA407B412054CE4100E8D730 /* Assets.xcassets */; };
		FA407B452054CE4100E8D730 /* LaunchScreen.storyboard in Resources */ = {isa = PBXBuildFile; fileRef = FA407B432054CE4100E8D730 /* LaunchScreen.storyboard */; };
		FA4828E020AA915600DFA578 /* courses_missing.json in Resources */ = {isa = PBXBuildFile; fileRef = FA4828DF20AA915600DFA578 /* courses_missing.json */; };
/* End PBXBuildFile section */

/* Begin PBXFileReference section */
		FA34698D20A772D7000CCCB0 /* Extensions.swift */ = {isa = PBXFileReference; lastKnownFileType = sourcecode.swift; path = Extensions.swift; sourceTree = "<group>"; };
		FA407B372054CE4100E8D730 /* IOS-Swift-ParsingJson.app */ = {isa = PBXFileReference; explicitFileType = wrapper.application; includeInIndex = 0; path = "IOS-Swift-ParsingJson.app"; sourceTree = BUILT_PRODUCTS_DIR; };
		FA407B3A2054CE4100E8D730 /* AppDelegate.swift */ = {isa = PBXFileReference; lastKnownFileType = sourcecode.swift; path = AppDelegate.swift; sourceTree = "<group>"; };
		FA407B3C2054CE4100E8D730 /* ViewController.swift */ = {isa = PBXFileReference; lastKnownFileType = sourcecode.swift; path = ViewController.swift; sourceTree = "<group>"; };
		FA407B3F2054CE4100E8D730 /* Base */ = {isa = PBXFileReference; lastKnownFileType = file.storyboard; name = Base; path = Base.lproj/Main.storyboard; sourceTree = "<group>"; };
		FA407B412054CE4100E8D730 /* Assets.xcassets */ = {isa = PBXFileReference; lastKnownFileType = folder.assetcatalog; path = Assets.xcassets; sourceTree = "<group>"; };
		FA407B442054CE4100E8D730 /* Base */ = {isa = PBXFileReference; lastKnownFileType = file.storyboard; name = Base; path = Base.lproj/LaunchScreen.storyboard; sourceTree = "<group>"; };
		FA407B462054CE4100E8D730 /* Info.plist */ = {isa = PBXFileReference; lastKnownFileType = text.plist.xml; path = Info.plist; sourceTree = "<group>"; };
		FA407B4C2054CF1D00E8D730 /* course.json */ = {isa = PBXFileReference; lastKnownFileType = text.json; path = course.json; sourceTree = "<group>"; };
		FA4828DF20AA915600DFA578 /* courses_missing.json */ = {isa = PBXFileReference; fileEncoding = 4; lastKnownFileType = text.json; path = courses_missing.json; sourceTree = "<group>"; };
		FAC4C3B3205F767F0074F4E3 /* courses.json */ = {isa = PBXFileReference; lastKnownFileType = text.json; path = courses.json; sourceTree = "<group>"; };
		FAC4C45620675EB50074F4E3 /* website_description.json */ = {isa = PBXFileReference; lastKnownFileType = text.json; path = website_description.json; sourceTree = "<group>"; };
/* End PBXFileReference section */

/* Begin PBXFrameworksBuildPhase section */
		FA407B342054CE4100E8D730 /* Frameworks */ = {
			isa = PBXFrameworksBuildPhase;
			buildActionMask = 2147483647;
			files = (
			);
			runOnlyForDeploymentPostprocessing = 0;
		};
/* End PBXFrameworksBuildPhase section */

/* Begin PBXGroup section */
		FA34698C20A772A4000CCCB0 /* Helper */ = {
			isa = PBXGroup;
			children = (
				FA34698D20A772D7000CCCB0 /* Extensions.swift */,
			);
			name = Helper;
			sourceTree = "<group>";
		};
		FA407B2E2054CE4100E8D730 = {
			isa = PBXGroup;
			children = (
				FA407B392054CE4100E8D730 /* IOS-Swift-ParsingJson */,
				FA407B382054CE4100E8D730 /* Products */,
			);
			sourceTree = "<group>";
		};
		FA407B382054CE4100E8D730 /* Products */ = {
			isa = PBXGroup;
			children = (
				FA407B372054CE4100E8D730 /* IOS-Swift-ParsingJson.app */,
			);
			name = Products;
			sourceTree = "<group>";
		};
		FA407B392054CE4100E8D730 /* IOS-Swift-ParsingJson */ = {
			isa = PBXGroup;
			children = (
				FA407B3A2054CE4100E8D730 /* AppDelegate.swift */,
				FA34698C20A772A4000CCCB0 /* Helper */,
				FA407B3C2054CE4100E8D730 /* ViewController.swift */,
				FA407B3E2054CE4100E8D730 /* Main.storyboard */,
				FA407B412054CE4100E8D730 /* Assets.xcassets */,
				FA407B432054CE4100E8D730 /* LaunchScreen.storyboard */,
				FA407B462054CE4100E8D730 /* Info.plist */,
				FA407B4C2054CF1D00E8D730 /* course.json */,
				FAC4C3B3205F767F0074F4E3 /* courses.json */,
				FAC4C45620675EB50074F4E3 /* website_description.json */,
				FA4828DF20AA915600DFA578 /* courses_missing.json */,
			);
			path = "IOS-Swift-ParsingJson";
			sourceTree = "<group>";
		};
/* End PBXGroup section */

/* Begin PBXNativeTarget section */
		FA407B362054CE4100E8D730 /* IOS-Swift-ParsingJson */ = {
			isa = PBXNativeTarget;
			buildConfigurationList = FA407B492054CE4100E8D730 /* Build configuration list for PBXNativeTarget "IOS-Swift-ParsingJson" */;
			buildPhases = (
				FA407B332054CE4100E8D730 /* Sources */,
				FA407B342054CE4100E8D730 /* Frameworks */,
				FA407B352054CE4100E8D730 /* Resources */,
			);
			buildRules = (
			);
			dependencies = (
			);
			name = "IOS-Swift-ParsingJson";
			productName = "IOS-Swift-ParsingJson";
			productReference = FA407B372054CE4100E8D730 /* IOS-Swift-ParsingJson.app */;
			productType = "com.apple.product-type.application";
		};
/* End PBXNativeTarget section */

/* Begin PBXProject section */
		FA407B2F2054CE4100E8D730 /* Project object */ = {
			isa = PBXProject;
			attributes = {
				LastSwiftUpdateCheck = 0900;
				LastUpgradeCheck = 0900;
				ORGANIZATIONNAME = "Pooya Hatami";
				TargetAttributes = {
					FA407B362054CE4100E8D730 = {
						CreatedOnToolsVersion = 9.0;
						ProvisioningStyle = Automatic;
					};
				};
			};
			buildConfigurationList = FA407B322054CE4100E8D730 /* Build configuration list for PBXProject "IOS-Swift-ParsingJson" */;
			compatibilityVersion = "Xcode 8.0";
			developmentRegion = en;
			hasScannedForEncodings = 0;
			knownRegions = (
				en,
				Base,
			);
			mainGroup = FA407B2E2054CE4100E8D730;
			productRefGroup = FA407B382054CE4100E8D730 /* Products */;
			projectDirPath = "";
			projectRoot = "";
			targets = (
				FA407B362054CE4100E8D730 /* IOS-Swift-ParsingJson */,
			);
		};
/* End PBXProject section */

/* Begin PBXResourcesBuildPhase section */
		FA407B352054CE4100E8D730 /* Resources */ = {
			isa = PBXResourcesBuildPhase;
			buildActionMask = 2147483647;
			files = (
				FA407B452054CE4100E8D730 /* LaunchScreen.storyboard in Resources */,
				FA4828E020AA915600DFA578 /* courses_missing.json in Resources */,
				FA407B422054CE4100E8D730 /* Assets.xcassets in Resources */,
				FA407B402054CE4100E8D730 /* Main.storyboard in Resources */,
			);
			runOnlyForDeploymentPostprocessing = 0;
		};
/* End PBXResourcesBuildPhase section */

/* Begin PBXSourcesBuildPhase section */
		FA407B332054CE4100E8D730 /* Sources */ = {
			isa = PBXSourcesBuildPhase;
			buildActionMask = 2147483647;
			files = (
				FA407B3D2054CE4100E8D730 /* ViewController.swift in Sources */,
				FA34698E20A772D7000CCCB0 /* Extensions.swift in Sources */,
				FA407B3B2054CE4100E8D730 /* AppDelegate.swift in Sources */,
			);
			runOnlyForDeploymentPostprocessing = 0;
		};
/* End PBXSourcesBuildPhase section */

/* Begin PBXVariantGroup section */
		FA407B3E2054CE4100E8D730 /* Main.storyboard */ = {
			isa = PBXVariantGroup;
			children = (
				FA407B3F2054CE4100E8D730 /* Base */,
			);
			name = Main.storyboard;
			sourceTree = "<group>";
		};
		FA407B432054CE4100E8D730 /* LaunchScreen.storyboard */ = {
			isa = PBXVariantGroup;
			children = (
				FA407B442054CE4100E8D730 /* Base */,
			);
			name = LaunchScreen.storyboard;
			sourceTree = "<group>";
		};
/* End PBXVariantGroup section */

/* Begin XCBuildConfiguration section */
		FA407B472054CE4100E8D730 /* Debug */ = {
			isa = XCBuildConfiguration;
			buildSettings = {
				ALWAYS_SEARCH_USER_PATHS = NO;
				CLANG_ANALYZER_NONNULL = YES;
				CLANG_ANALYZER_NUMBER_OBJECT_CONVERSION = YES_AGGRESSIVE;
				CLANG_CXX_LANGUAGE_STANDARD = "gnu++14";
				CLANG_CXX_LIBRARY = "libc++";
				CLANG_ENABLE_MODULES = YES;
				CLANG_ENABLE_OBJC_ARC = YES;
				CLANG_WARN_BLOCK_CAPTURE_AUTORELEASING = YES;
				CLANG_WARN_BOOL_CONVERSION = YES;
				CLANG_WARN_COMMA = YES;
				CLANG_WARN_CONSTANT_CONVERSION = YES;
				CLANG_WARN_DIRECT_OBJC_ISA_USAGE = YES_ERROR;
				CLANG_WARN_DOCUMENTATION_COMMENTS = YES;
				CLANG_WARN_EMPTY_BODY = YES;
				CLANG_WARN_ENUM_CONVERSION = YES;
				CLANG_WARN_INFINITE_RECURSION = YES;
				CLANG_WARN_INT_CONVERSION = YES;
				CLANG_WARN_NON_LITERAL_NULL_CONVERSION = YES;
				CLANG_WARN_OBJC_LITERAL_CONVERSION = YES;
				CLANG_WARN_OBJC_ROOT_CLASS = YES_ERROR;
				CLANG_WARN_RANGE_LOOP_ANALYSIS = YES;
				CLANG_WARN_STRICT_PROTOTYPES = YES;
				CLANG_WARN_SUSPICIOUS_MOVE = YES;
				CLANG_WARN_UNGUARDED_AVAILABILITY = YES_AGGRESSIVE;
				CLANG_WARN_UNREACHABLE_CODE = YES;
				CLANG_WARN__DUPLICATE_METHOD_MATCH = YES;
				CODE_SIGN_IDENTITY = "iPhone Developer";
				COPY_PHASE_STRIP = NO;
				DEBUG_INFORMATION_FORMAT = dwarf;
				ENABLE_STRICT_OBJC_MSGSEND = YES;
				ENABLE_TESTABILITY = YES;
				GCC_C_LANGUAGE_STANDARD = gnu11;
				GCC_DYNAMIC_NO_PIC = NO;
				GCC_NO_COMMON_BLOCKS = YES;
				GCC_OPTIMIZATION_LEVEL = 0;
				GCC_PREPROCESSOR_DEFINITIONS = (
					"DEBUG=1",
					"$(inherited)",
				);
				GCC_WARN_64_TO_32_BIT_CONVERSION = YES;
				GCC_WARN_ABOUT_RETURN_TYPE = YES_ERROR;
				GCC_WARN_UNDECLARED_SELECTOR = YES;
				GCC_WARN_UNINITIALIZED_AUTOS = YES_AGGRESSIVE;
				GCC_WARN_UNUSED_FUNCTION = YES;
				GCC_WARN_UNUSED_VARIABLE = YES;
				IPHONEOS_DEPLOYMENT_TARGET = 11.0;
				MTL_ENABLE_DEBUG_INFO = YES;
				ONLY_ACTIVE_ARCH = YES;
				SDKROOT = iphoneos;
				SWIFT_ACTIVE_COMPILATION_CONDITIONS = DEBUG;
				SWIFT_OPTIMIZATION_LEVEL = "-Onone";
			};
			name = Debug;
		};
		FA407B482054CE4100E8D730 /* Release */ = {
			isa = XCBuildConfiguration;
			buildSettings = {
				ALWAYS_SEARCH_USER_PATHS = NO;
				CLANG_ANALYZER_NONNULL = YES;
				CLANG_ANALYZER_NUMBER_OBJECT_CONVERSION = YES_AGGRESSIVE;
				CLANG_CXX_LANGUAGE_STANDARD = "gnu++14";
				CLANG_CXX_LIBRARY = "libc++";
				CLANG_ENABLE_MODULES = YES;
				CLANG_ENABLE_OBJC_ARC = YES;
				CLANG_WARN_BLOCK_CAPTURE_AUTORELEASING = YES;
				CLANG_WARN_BOOL_CONVERSION = YES;
				CLANG_WARN_COMMA = YES;
				CLANG_WARN_CONSTANT_CONVERSION = YES;
				CLANG_WARN_DIRECT_OBJC_ISA_USAGE = YES_ERROR;
				CLANG_WARN_DOCUMENTATION_COMMENTS = YES;
				CLANG_WARN_EMPTY_BODY = YES;
				CLANG_WARN_ENUM_CONVERSION = YES;
				CLANG_WARN_INFINITE_RECURSION = YES;
				CLANG_WARN_INT_CONVERSION = YES;
				CLANG_WARN_NON_LITERAL_NULL_CONVERSION = YES;
				CLANG_WARN_OBJC_LITERAL_CONVERSION = YES;
				CLANG_WARN_OBJC_ROOT_CLASS = YES_ERROR;
				CLANG_WARN_RANGE_LOOP_ANALYSIS = YES;
				CLANG_WARN_STRICT_PROTOTYPES = YES;
				CLANG_WARN_SUSPICIOUS_MOVE = YES;
				CLANG_WARN_UNGUARDED_AVAILABILITY = YES_AGGRESSIVE;
				CLANG_WARN_UNREACHABLE_CODE = YES;
				CLANG_WARN__DUPLICATE_METHOD_MATCH = YES;
				CODE_SIGN_IDENTITY = "iPhone Developer";
				COPY_PHASE_STRIP = NO;
				DEBUG_INFORMATION_FORMAT = "dwarf-with-dsym";
				ENABLE_NS_ASSERTIONS = NO;
				ENABLE_STRICT_OBJC_MSGSEND = YES;
				GCC_C_LANGUAGE_STANDARD = gnu11;
				GCC_NO_COMMON_BLOCKS = YES;
				GCC_WARN_64_TO_32_BIT_CONVERSION = YES;
				GCC_WARN_ABOUT_RETURN_TYPE = YES_ERROR;
				GCC_WARN_UNDECLARED_SELECTOR = YES;
				GCC_WARN_UNINITIALIZED_AUTOS = YES_AGGRESSIVE;
				GCC_WARN_UNUSED_FUNCTION = YES;
				GCC_WARN_UNUSED_VARIABLE = YES;
				IPHONEOS_DEPLOYMENT_TARGET = 11.0;
				MTL_ENABLE_DEBUG_INFO = NO;
				SDKROOT = iphoneos;
				SWIFT_OPTIMIZATION_LEVEL = "-Owholemodule";
				VALIDATE_PRODUCT = YES;
			};
			name = Release;
		};
		FA407B4A2054CE4100E8D730 /* Debug */ = {
			isa = XCBuildConfiguration;
			buildSettings = {
				ASSETCATALOG_COMPILER_APPICON_NAME = AppIcon;
				"CODE_SIGN_IDENTITY[sdk=iphoneos*]" = "iPhone Developer";
				CODE_SIGN_STYLE = Automatic;
				DEVELOPMENT_TEAM = C57K65Z4PC;
				INFOPLIST_FILE = "IOS-Swift-ParsingJson/Info.plist";
				LD_RUNPATH_SEARCH_PATHS = "$(inherited) @executable_path/Frameworks";
				PRODUCT_BUNDLE_IDENTIFIER = "com.pooya.brain.dev.IOS-Swift-ParsingJson";
				PRODUCT_NAME = "$(TARGET_NAME)";
				PROVISIONING_PROFILE_SPECIFIER = "";
				SWIFT_VERSION = 4.0;
				TARGETED_DEVICE_FAMILY = "1,2";
			};
			name = Debug;
		};
		FA407B4B2054CE4100E8D730 /* Release */ = {
			isa = XCBuildConfiguration;
			buildSettings = {
				ASSETCATALOG_COMPILER_APPICON_NAME = AppIcon;
				"CODE_SIGN_IDENTITY[sdk=iphoneos*]" = "iPhone Developer";
				CODE_SIGN_STYLE = Automatic;
				DEVELOPMENT_TEAM = C57K65Z4PC;
				INFOPLIST_FILE = "IOS-Swift-ParsingJson/Info.plist";
				LD_RUNPATH_SEARCH_PATHS = "$(inherited) @executable_path/Frameworks";
				PRODUCT_BUNDLE_IDENTIFIER = "com.pooya.brain.dev.IOS-Swift-ParsingJson";
				PRODUCT_NAME = "$(TARGET_NAME)";
				PROVISIONING_PROFILE_SPECIFIER = "";
				SWIFT_VERSION = 4.0;
				TARGETED_DEVICE_FAMILY = "1,2";
			};
			name = Release;
		};
/* End XCBuildConfiguration section */

/* Begin XCConfigurationList section */
		FA407B322054CE4100E8D730 /* Build configuration list for PBXProject "IOS-Swift-ParsingJson" */ = {
			isa = XCConfigurationList;
			buildConfigurations = (
				FA407B472054CE4100E8D730 /* Debug */,
				FA407B482054CE4100E8D730 /* Release */,
			);
			defaultConfigurationIsVisible = 0;
			defaultConfigurationName = Release;
		};
		FA407B492054CE4100E8D730 /* Build configuration list for PBXNativeTarget "IOS-Swift-ParsingJson" */ = {
			isa = XCConfigurationList;
			buildConfigurations = (
				FA407B4A2054CE4100E8D730 /* Debug */,
				FA407B4B2054CE4100E8D730 /* Release */,
			);
			defaultConfigurationIsVisible = 0;
			defaultConfigurationName = Release;
		};
/* End XCConfigurationList section */
	};
	rootObject = FA407B2F2054CE4100E8D730 /* Project object */;
}
